
Microsoft Visual Studio Solution File, Format Version 12.00
# Visual Studio Version 16
VisualStudioVersion = 16.0.31911.196
MinimumVisualStudioVersion = 10.0.40219.1
Project("{FAE04EC0-301F-11D3-BF4B-00C04F79EFBC}") = "LessonWPF_4", "LessonWPF_4\LessonWPF_4.csproj", "{7343A598-963C-4796-B25A-59F36C7242EF}"
EndProject
Global
	GlobalSection(SolutionConfigurationPlatforms) = preSolution
		Debug|Any CPU = Debug|Any CPU
		Release|Any CPU = Release|Any CPU
	EndGlobalSection
	GlobalSection(ProjectConfigurationPlatforms) = postSolution
		{7343A598-963C-4796-B25A-59F36C7242EF}.Debug|Any CPU.ActiveCfg = Debug|Any CPU
		{7343A598-963C-4796-B25A-59F36C7242EF}.Debug|Any CPU.Build.0 = Debug|Any CPU
		{7343A598-963C-4796-B25A-59F36C7242EF}.Release|Any CPU.ActiveCfg = Release|Any CPU
		{7343A598-963C-4796-B25A-59F36C7242EF}.Release|Any CPU.Build.0 = Release|Any CPU
	EndGlobalSection
	GlobalSection(SolutionProperties) = preSolution
		HideSolutionNode = FALSE
	EndGlobalSection
	GlobalSection(ExtensibilityGlobals) = postSolution
		SolutionGuid = {F140D99F-BA5B-4444-A5DB-4D6A8BE8944C}
	EndGlobalSection
EndGlobal
